<?xml version="1.0" encoding="utf-8"?>
<Project ToolsVersion="4.0" xmlns="http://schemas.microsoft.com/developer/msbuild/2003">
  <ItemGroup>
    <Filter Include="Game">
      <UniqueIdentifier>{fbb5672e-4341-4d48-b969-3a4401742dfa}</UniqueIdentifier>
    </Filter>
    <Filter Include="Main">
      <UniqueIdentifier>{5de2925e-bfab-4aff-b6bd-74bb062eb8e7}</UniqueIdentifier>
    </Filter>
    <Filter Include="Main\Camera">
      <UniqueIdentifier>{083c62ba-6c73-412b-98b5-3a147e7dcbb4}</UniqueIdentifier>
    </Filter>
    <Filter Include="Game\Week1">
      <UniqueIdentifier>{d173a777-fe3c-4219-b9eb-4640e8d17118}</UniqueIdentifier>
    </Filter>
    <Filter Include="Game\Week2">
      <UniqueIdentifier>{f2d7b49c-24b9-491f-8092-6ba67c26fca6}</UniqueIdentifier>
    </Filter>
    <Filter Include="Game\Week3">
      <UniqueIdentifier>{0d9b5ce4-07bd-4603-8f67-29c32799235b}</UniqueIdentifier>
    </Filter>
  </ItemGroup>
  <ItemGroup>
    <ClCompile Include="pch.cpp">
      <Filter>Main</Filter>
    </ClCompile>
    <ClCompile Include="CameraScript.cpp">
      <Filter>Main\Camera</Filter>
    </ClCompile>
    <ClCompile Include="01. TriangleDemo.cpp">
      <Filter>Game\Week1</Filter>
    </ClCompile>
    <ClCompile Include="02. QuadDemo.cpp">
      <Filter>Game\Week1</Filter>
    </ClCompile>
    <ClCompile Include="03. ConstantBufferDemo.cpp">
      <Filter>Game\Week1</Filter>
    </ClCompile>
    <ClCompile Include="04. CameraDemo.cpp">
      <Filter>Game\Week1</Filter>
    </ClCompile>
    <ClCompile Include="05. TextureDemo.cpp">
      <Filter>Game\Week1</Filter>
    </ClCompile>
    <ClCompile Include="06. SamplerDemo.cpp">
      <Filter>Game\Week1</Filter>
    </ClCompile>
    <ClCompile Include="07. HeightMapDemo.cpp">
      <Filter>Game\Week1</Filter>
    </ClCompile>
    <ClCompile Include="08. NormalDemo.cpp">
      <Filter>Game\Week1</Filter>
    </ClCompile>
    <ClCompile Include="09. MeshDemo.cpp">
      <Filter>Game\Week1</Filter>
    </ClCompile>
    <ClCompile Include="10. GlobalTestDemo.cpp">
      <Filter>Game\Week2</Filter>
    </ClCompile>
    <ClCompile Include="11. DepthStencilDemo.cpp">
      <Filter>Game\Week2</Filter>
    </ClCompile>
    <ClCompile Include="12. AmbientDemo.cpp">
      <Filter>Game\Week2</Filter>
    </ClCompile>
    <ClCompile Include="13. DiffuseDemo.cpp">
      <Filter>Game\Week2</Filter>
    </ClCompile>
    <ClCompile Include="14. SpecularDemo.cpp">
      <Filter>Game\Week2</Filter>
    </ClCompile>
    <ClCompile Include="15. EmissiveDemo.cpp">
      <Filter>Game\Week2</Filter>
    </ClCompile>
    <ClCompile Include="16. LightingDemo.cpp">
      <Filter>Game\Week2</Filter>
    </ClCompile>
    <ClCompile Include="17. MaterialDemo.cpp">
      <Filter>Game\Week2</Filter>
    </ClCompile>
    <ClCompile Include="18. NormalMappingDemo.cpp">
      <Filter>Game\Week2</Filter>
    </ClCompile>
    <ClCompile Include="Main.cpp">
      <Filter>Main</Filter>
    </ClCompile>
  </ItemGroup>
  <ItemGroup>
    <ClInclude Include="pch.h">
      <Filter>Main</Filter>
    </ClInclude>
    <ClInclude Include="CameraScript.h">
      <Filter>Main\Camera</Filter>
    </ClInclude>
    <ClInclude Include="01. TriangleDemo.h">
      <Filter>Game\Week1</Filter>
    </ClInclude>
    <ClInclude Include="02. QuadDemo.h">
      <Filter>Game\Week1</Filter>
    </ClInclude>
    <ClInclude Include="03. ConstantBufferDemo.h">
      <Filter>Game\Week1</Filter>
    </ClInclude>
    <ClInclude Include="04. CameraDemo.h">
      <Filter>Game\Week1</Filter>
    </ClInclude>
    <ClInclude Include="05. TextureDemo.h">
      <Filter>Game\Week1</Filter>
    </ClInclude>
    <ClInclude Include="06. SamplerDemo.h">
      <Filter>Game\Week1</Filter>
    </ClInclude>
    <ClInclude Include="07. HeightMapDemo.h">
      <Filter>Game\Week1</Filter>
    </ClInclude>
    <ClInclude Include="08. NormalDemo.h">
      <Filter>Game\Week1</Filter>
    </ClInclude>
    <ClInclude Include="09. MeshDemo.h">
      <Filter>Game\Week1</Filter>
    </ClInclude>
    <ClInclude Include="10. GlobalTestDemo.h">
      <Filter>Game\Week2</Filter>
    </ClInclude>
    <ClInclude Include="11. DepthStencilDemo.h">
      <Filter>Game\Week2</Filter>
    </ClInclude>
    <ClInclude Include="12. AmbientDemo.h">
      <Filter>Game\Week2</Filter>
    </ClInclude>
    <ClInclude Include="13. DiffuseDemo.h">
      <Filter>Game\Week2</Filter>
    </ClInclude>
    <ClInclude Include="14. SpecularDemo.h">
      <Filter>Game\Week2</Filter>
    </ClInclude>
    <ClInclude Include="15. EmissiveDemo.h">
      <Filter>Game\Week2</Filter>
    </ClInclude>
    <ClInclude Include="16. LightingDemo.h">
      <Filter>Game\Week2</Filter>
    </ClInclude>
    <ClInclude Include="17. MaterialDemo.h">
      <Filter>Game\Week2</Filter>
    </ClInclude>
    <ClInclude Include="18. NormalMappingDemo.h">
      <Filter>Game\Week2</Filter>
    </ClInclude>
    <ClInclude Include="Main.h">
      <Filter>Main</Filter>
    </ClInclude>
  </ItemGroup>
</Project>